{
  "name": "zapier-luna-review-worker",
  "lockfileVersion": 3,
  "requires": true,
  "packages": {
    "": {
      "name": "zapier-luna-review-worker",
      "dependencies": {
        "@zapier/zapier-sdk": "0.112.3",
        "iconv-lite": "0.7.0",
        "js-tiktoken": "1.0.21"
      }
    },
    "node_modules/@zapier/kitcore": {
      "version": "0.21.0",
      "resolved": "https://registry.npmjs.org/@zapier/kitcore/-/kitcore-0.21.0.tgz",
      "integrity": "sha512-WKiKuse/1NSRuX8gTt/7SeRg2Fw//XIoz2dXZk7TLAN91ecvQy6hk/BuYUSqPjmU/gCwqkJ+BbqGusKGAmQADg==",
      "license": "SEE LICENSE IN LICENSE",
      "peerDependencies": {
        "zod": "^4.0.0"
      }
    },
    "node_modules/@zapier/policy-context": {
      "version": "1.2.2",
      "resolved": "https://registry.npmjs.org/@zapier/policy-context/-/policy-context-1.2.2.tgz",
      "integrity": "sha512-xAkKjzUbtX6eKnl9eHP02970XB7mC5stfLdy27LbvpTPwsHfx6r8tEO9dPYhpO/MTAH6afGwnoekSqiQxqP//w==",
      "dependencies": {
        "@zapier/policy-schema": "0.15.0"
      },
      "peerDependencies": {
        "zod": "^4.0.0"
      }
    },
    "node_modules/@zapier/policy-schema": {
      "version": "0.15.0",
      "resolved": "https://registry.npmjs.org/@zapier/policy-schema/-/policy-schema-0.15.0.tgz",
      "integrity": "sha512-qwvsxy+ThVTGJJjzH0Hy/D7IdPleHHqYGKdTTMJovAGHO8rnaanbSKuBRp8o+l7rBImwNPR0sPzPx7vzJ5lu8w==",
      "peerDependencies": {
        "zod": "^4.0.0"
      }
    },
    "node_modules/@zapier/zapier-sdk": {
      "version": "0.112.3",
      "resolved": "https://registry.npmjs.org/@zapier/zapier-sdk/-/zapier-sdk-0.112.3.tgz",
      "integrity": "sha512-NTTYU/R4nx7FhBhap2smwqmfg7rNMXfxjYqwcSi6aUUQyjaksjfvx8FGzzHKcPlO1i8uulYGNVGzysdjNY4LyA==",
      "license": "SEE LICENSE IN LICENSE",
      "dependencies": {
        "@zapier/kitcore": "0.21.0",
        "@zapier/policy-context": "1.2.2",
        "@zapier/policy-schema": "0.15.0",
        "@zapier/zapier-sdk-core": "0.15.1",
        "zod": "4.3.6"
      }
    },
    "node_modules/@zapier/zapier-sdk-core": {
      "version": "0.15.1",
      "resolved": "https://registry.npmjs.org/@zapier/zapier-sdk-core/-/zapier-sdk-core-0.15.1.tgz",
      "integrity": "sha512-W40zTWV0YhcqhkV0RoO2Vsf47rFPWCN7fnZq8IqM400Aj05hfpGbW/h3uzQHtGEnRmF+wm5C5SiMQlLZKKap8A==",
      "license": "SEE LICENSE IN LICENSE",
      "dependencies": {
        "@zapier/policy-context": "1.1.1",
        "zod": "4.3.6"
      }
    },
    "node_modules/@zapier/zapier-sdk-core/node_modules/@zapier/policy-context": {
      "version": "1.1.1",
      "resolved": "https://registry.npmjs.org/@zapier/policy-context/-/policy-context-1.1.1.tgz",
      "integrity": "sha512-DSFIUXRUZQLRxKZvvq84oANGTDLoXWdj6F8ZUI7O92CkCMhm9C/DZI1wf4j4s1va2cIUwEUFZW6xIT9b2LpZwg==",
      "dependencies": {
        "@asteasolutions/zod-to-openapi": "^8.5.0",
        "@zapier/policy-schema": "0.12.0"
      },
      "peerDependencies": {
        "zod": "^4.0.0"
      }
    },
    "node_modules/@zapier/zapier-sdk-core/node_modules/@zapier/policy-context/node_modules/@asteasolutions/zod-to-openapi": {
      "version": "8.5.0",
      "resolved": "https://registry.npmjs.org/@asteasolutions/zod-to-openapi/-/zod-to-openapi-8.5.0.tgz",
      "integrity": "sha512-SABbKiObg5dLRiTFnqiW1WWwGcg1BJfmHtT2asIBnBHg6Smy/Ms2KHc650+JI4Hw7lSkdiNebEGXpwoxfben8Q==",
      "license": "MIT",
      "dependencies": {
        "openapi3-ts": "^4.1.2"
      },
      "peerDependencies": {
        "zod": "^4.0.0"
      }
    },
    "node_modules/@zapier/zapier-sdk-core/node_modules/@zapier/policy-context/node_modules/@zapier/policy-schema": {
      "version": "0.12.0",
      "resolved": "https://registry.npmjs.org/@zapier/policy-schema/-/policy-schema-0.12.0.tgz",
      "integrity": "sha512-dKfygnnzitobXJgzxLcAkiR/NTj0Lqzo9Rkfz3XNv7BHXTRzgBuO/EgvkPaNREvUyOT15h5zUpNy6dsJWJyRAA==",
      "peerDependencies": {
        "zod": "^4.0.0"
      }
    },
    "node_modules/base64-js": {
      "version": "1.5.1",
      "resolved": "https://registry.npmjs.org/base64-js/-/base64-js-1.5.1.tgz",
      "integrity": "sha512-AKpaYlHn8t4SVbOHCy+b5+KKgvR4vrsD8vbvrbiQJps7fKDTkjkDry6ji0rUJjC0kzbNePLwzxq8iypo41qeWA==",
      "funding": [
        {
          "type": "github",
          "url": "https://github.com/sponsors/feross"
        },
        {
          "type": "patreon",
          "url": "https://www.patreon.com/feross"
        },
        {
          "type": "consulting",
          "url": "https://feross.org/support"
        }
      ],
      "license": "MIT"
    },
    "node_modules/iconv-lite": {
      "version": "0.7.0",
      "resolved": "https://registry.npmjs.org/iconv-lite/-/iconv-lite-0.7.0.tgz",
      "integrity": "sha512-cf6L2Ds3h57VVmkZe+Pn+5APsT7FpqJtEhhieDCvrE2MK5Qk9MyffgQyuxQTm6BChfeZNtcOLHp9IcWRVcIcBQ==",
      "license": "MIT",
      "dependencies": {
        "safer-buffer": ">= 2.1.2 < 3.0.0"
      },
      "engines": {
        "node": ">=0.10.0"
      },
      "funding": {
        "type": "opencollective",
        "url": "https://opencollective.com/express"
      }
    },
    "node_modules/js-tiktoken": {
      "version": "1.0.21",
      "resolved": "https://registry.npmjs.org/js-tiktoken/-/js-tiktoken-1.0.21.tgz",
      "integrity": "sha512-biOj/6M5qdgx5TKjDnFT1ymSpM5tbd3ylwDtrQvFQSu0Z7bBYko2dF+W/aUkXUPuk6IVpRxk/3Q2sHOzGlS36g==",
      "license": "MIT",
      "dependencies": {
        "base64-js": "^1.5.1"
      }
    },
    "node_modules/openapi3-ts": {
      "version": "4.6.1",
      "resolved": "https://registry.npmjs.org/openapi3-ts/-/openapi3-ts-4.6.1.tgz",
      "integrity": "sha512-XW9MOldkhoICNeXVzzmXzmOW5G73ppOEGmh7fLCqHjgfdEYCGGN+00MlVCeUZgovjjfC56j9tvtDt1zGabNjjA==",
      "license": "MIT",
      "dependencies": {
        "yaml": "^2.9.0"
      }
    },
    "node_modules/safer-buffer": {
      "version": "2.1.2",
      "resolved": "https://registry.npmjs.org/safer-buffer/-/safer-buffer-2.1.2.tgz",
      "integrity": "sha512-YZo3K82SD7Riyi0E1EQPojLz7kpepnSQI9IyPbHHg1XXXevb5dJI7tpyN2ADxGcQbHG7vcyRHk0cbwqcQriUtg==",
      "license": "MIT"
    },
    "node_modules/yaml": {
      "version": "2.9.1",
      "resolved": "https://registry.npmjs.org/yaml/-/yaml-2.9.1.tgz",
      "integrity": "sha512-3NxN8+78OdzbT7C/WjGsyfPAtJaN3FNDsWxv7Y7mcDsT/oOmgW8BpyQQFFBnvZE3j9Y2Sdz1ULFLezL7Eb2yFw==",
      "license": "ISC",
      "bin": {
        "yaml": "bin.mjs"
      },
      "engines": {
        "node": ">= 14.6"
      },
      "funding": {
        "url": "https://github.com/sponsors/eemeli"
      }
    },
    "node_modules/zod": {
      "version": "4.3.6",
      "resolved": "https://registry.npmjs.org/zod/-/zod-4.3.6.tgz",
      "integrity": "sha512-rftlrkhHZOcjDwkGlnUtZZkvaPHCsDATp4pGpuOOMDaTdDDXF91wuVDJoWoPsKX/3YPQ5fHuF3STjcYyKr+Qhg==",
      "license": "MIT",
      "funding": {
        "url": "https://github.com/sponsors/colinhacks"
      }
    }
  }
}
